
Microsoft Visual Studio Solution File, Format Version 12.00
# Visual Studio Version 17
VisualStudioVersion = 17.0.31919.166
MinimumVisualStudioVersion = 10.0.40219.1
Project("{FAE04EC0-301F-11D3-BF4B-00C04F79EFBC}") = "ProyectoDinamyt", "ProyectoDinamyt\ProyectoDinamyt.csproj", "{54B1EEFA-DDF2-4975-AE9D-F4C64E7C066C}"
EndProject
Global
	GlobalSection(SolutionConfigurationPlatforms) = preSolution
		Debug|Any CPU = Debug|Any CPU
		Release|Any CPU = Release|Any CPU
	EndGlobalSection
	GlobalSection(ProjectConfigurationPlatforms) = postSolution
		{54B1EEFA-DDF2-4975-AE9D-F4C64E7C066C}.Debug|Any CPU.ActiveCfg = Debug|Any CPU
		{54B1EEFA-DDF2-4975-AE9D-F4C64E7C066C}.Debug|Any CPU.Build.0 = Debug|Any CPU
		{54B1EEFA-DDF2-4975-AE9D-F4C64E7C066C}.Release|Any CPU.ActiveCfg = Release|Any CPU
		{54B1EEFA-DDF2-4975-AE9D-F4C64E7C066C}.Release|Any CPU.Build.0 = Release|Any CPU
	EndGlobalSection
	GlobalSection(SolutionProperties) = preSolution
		HideSolutionNode = FALSE
	EndGlobalSection
	GlobalSection(ExtensibilityGlobals) = postSolution
		SolutionGuid = {F07894C1-26DB-449B-B296-4E21D10D4DB0}
	EndGlobalSection
EndGlobal
